
Microsoft Visual Studio Solution File, Format Version 12.00
# Visual Studio Version 17
VisualStudioVersion = 17.0.31903.59
MinimumVisualStudioVersion = 10.0.40219.1
Project("{2150E333-8FDC-42A3-9474-1A3956D46DE8}") = "src", "src", "{63CCCF6B-8C73-46BA-8A6D-266EC7F84648}"
EndProject
Project("{2150E333-8FDC-42A3-9474-1A3956D46DE8}") = "Core", "Core", "{1DBBAB68-FE67-4272-B90B-19A106CC921E}"
EndProject
Project("{FAE04EC0-301F-11D3-BF4B-00C04F79EFBC}") = "Redplcs.TodoList.Core", "src\Core\src\Redplcs.TodoList.Core.csproj", "{BC706D78-A7F6-4F01-A301-09A59F76E49F}"
EndProject
Global
	GlobalSection(SolutionConfigurationPlatforms) = preSolution
		Debug|Any CPU = Debug|Any CPU
		Release|Any CPU = Release|Any CPU
	EndGlobalSection
	GlobalSection(SolutionProperties) = preSolution
		HideSolutionNode = FALSE
	EndGlobalSection
	GlobalSection(ProjectConfigurationPlatforms) = postSolution
		{BC706D78-A7F6-4F01-A301-09A59F76E49F}.Debug|Any CPU.ActiveCfg = Debug|Any CPU
		{BC706D78-A7F6-4F01-A301-09A59F76E49F}.Debug|Any CPU.Build.0 = Debug|Any CPU
		{BC706D78-A7F6-4F01-A301-09A59F76E49F}.Release|Any CPU.ActiveCfg = Release|Any CPU
		{BC706D78-A7F6-4F01-A301-09A59F76E49F}.Release|Any CPU.Build.0 = Release|Any CPU
	EndGlobalSection
	GlobalSection(NestedProjects) = preSolution
		{1DBBAB68-FE67-4272-B90B-19A106CC921E} = {63CCCF6B-8C73-46BA-8A6D-266EC7F84648}
		{BC706D78-A7F6-4F01-A301-09A59F76E49F} = {1DBBAB68-FE67-4272-B90B-19A106CC921E}
	EndGlobalSection
EndGlobal
